# THIS IS AN AUTOGENERATED FILE. DO NOT EDIT THIS FILE DIRECTLY.
# yarn lockfile v1


"@socket.io/component-emitter@~3.1.0":
  version "3.1.0"
  resolved "https://registry.npmjs.org/@socket.io/component-emitter/-/component-emitter-3.1.0.tgz"
  integrity sha512-+9jVqKhRSpsc591z5vX+X5Yyw+he/HCB4iQ/RYxw35CEPaY1gnsNE43nf9n9AaYjAQrTiI/mOwKUKdUs9vf7Xg==

"@types/debug@^4.1.7":
  version "4.1.7"
  resolved "https://registry.npmjs.org/@types/debug/-/debug-4.1.7.tgz"
  integrity sha512-9AonUzyTjXXhEOa0DnqpzZi6VHlqKMswga9EXjpXnnqxwLtdvPPtlO8evrI5D9S6asFRCQ6v+wpiUKbw+vKqyg==
  dependencies:
    "@types/ms" "*"

"@types/events@^3.0.0":
  version "3.0.0"
  resolved "https://registry.npmjs.org/@types/events/-/events-3.0.0.tgz"
  integrity sha512-EaObqwIvayI5a8dCzhFrjKzVwKLxjoG9T6Ppd5CEo07LRKfQ8Yokw54r5+Wq7FaBQ+yXRvQAYPrHwya1/UFt9g==

"@types/ms@*":
  version "0.7.31"
  resolved "https://registry.npmjs.org/@types/ms/-/ms-0.7.31.tgz"
  integrity sha512-iiUgKzV9AuaEkZqkOLDIvlQiL6ltuZd9tGcW3gwpnX8JbuiuhFlEGmmFXEXkN50Cvq7Os88IY2v0dkDqXYWVgA==

"@types/node@^18.11.9":
  version "18.11.9"
  resolved "https://registry.npmjs.org/@types/node/-/node-18.11.9.tgz"
  integrity sha512-CRpX21/kGdzjOpFsZSkcrXMGIBWMGNIHXXBVFSH+ggkftxg+XYP20TESbh+zFvFj3EQOl5byk0HTRn1IL6hbqg==

accepts@~1.3.4:
  version "1.3.8"
  resolved "https://registry.npmjs.org/accepts/-/accepts-1.3.8.tgz"
  integrity sha512-PYAthTa2m2VKxuvSD3DPC/Gy+U+sOA1LAuT8mkmRuvw+NACSaeXEQ+NHcVF7rONl6qcaxV3Uuemwawk+7+SJLw==
  dependencies:
    mime-types "~2.1.34"
    negotiator "0.6.3"

after@0.8.2:
  version "0.8.2"
  resolved "https://registry.npmjs.org/after/-/after-0.8.2.tgz"
  integrity sha512-QbJ0NTQ/I9DI3uSJA4cbexiwQeRAfjPScqIbSjUDd9TOrcg6pTkdgziesOqxBMBzit8vFCTwrP27t13vFOORRA==

arraybuffer.slice@~0.0.7:
  version "0.0.7"
  resolved "https://registry.npmjs.org/arraybuffer.slice/-/arraybuffer.slice-0.0.7.tgz"
  integrity sha512-wGUIVQXuehL5TCqQun8OW81jGzAWycqzFF8lFp+GOM5BXLYj3bKNsYC4daB7n6XjCqxQA/qgTJ+8ANR3acjrog==

backo2@1.0.2:
  version "1.0.2"
  resolved "https://registry.npmjs.org/backo2/-/backo2-1.0.2.tgz"
  integrity sha512-zj6Z6M7Eq+PBZ7PQxl5NT665MvJdAkzp0f60nAJ+sLaSCBPMwVak5ZegFbgVCzFcCJTKFoMizvM5Ld7+JrRJHA==

base64-arraybuffer@0.1.4:
  version "0.1.4"
  resolved "https://registry.npmjs.org/base64-arraybuffer/-/base64-arraybuffer-0.1.4.tgz"
  integrity sha512-a1eIFi4R9ySrbiMuyTGx5e92uRH5tQY6kArNcFaKBUleIoLjdjBg7Zxm3Mqm3Kmkf27HLR/1fnxX9q8GQ7Iavg==

base64id@2.0.0:
  version "2.0.0"
  resolved "https://registry.npmjs.org/base64id/-/base64id-2.0.0.tgz"
  integrity sha512-lGe34o6EHj9y3Kts9R4ZYs/Gr+6N7MCaMlIFA3F1R2O5/m7K06AxfSeO5530PEERE6/WyEg3lsuyw4GHlPZHog==

blob@0.0.5:
  version "0.0.5"
  resolved "https://registry.npmjs.org/blob/-/blob-0.0.5.tgz"
  integrity sha512-gaqbzQPqOoamawKg0LGVd7SzLgXS+JH61oWprSLH+P+abTczqJbhTR8CmJ2u9/bUYNmHTGJx/UEmn6doAvvuig==

component-bind@1.0.0:
  version "1.0.0"
  resolved "https://registry.npmjs.org/component-bind/-/component-bind-1.0.0.tgz"
  integrity sha512-WZveuKPeKAG9qY+FkYDeADzdHyTYdIboXS59ixDeRJL5ZhxpqUnxSOwop4FQjMsiYm3/Or8cegVbpAHNA7pHxw==

component-emitter@1.2.1:
  version "1.2.1"
  resolved "https://registry.npmjs.org/component-emitter/-/component-emitter-1.2.1.tgz"
  integrity sha512-jPatnhd33viNplKjqXKRkGU345p263OIWzDL2wH3LGIGp5Kojo+uXizHmOADRvhGFFTnJqX3jBAKP6vvmSDKcA==

component-emitter@~1.3.0:
  version "1.3.0"
  resolved "https://registry.npmjs.org/component-emitter/-/component-emitter-1.3.0.tgz"
  integrity sha512-Rd3se6QB+sO1TwqZjscQrurpEPIfO0/yYnSin6Q/rD3mOutHvUrCAhJub3r90uNb+SESBuE0QYoB90YdfatsRg==

component-inherit@0.0.3:
  version "0.0.3"
  resolved "https://registry.npmjs.org/component-inherit/-/component-inherit-0.0.3.tgz"
  integrity sha512-w+LhYREhatpVqTESyGFg3NlP6Iu0kEKUHETY9GoZP/pQyW4mHFZuFWRUCIqVPZ36ueVLtoOEZaAqbCF2RDndaA==

cookie@~0.4.1:
  version "0.4.2"
  resolved "https://registry.npmjs.org/cookie/-/cookie-0.4.2.tgz"
  integrity sha512-aSWTXFzaKWkvHO1Ny/s+ePFpvKsPnjc551iI41v3ny/ow6tBG5Vd+FuqGNhh1LxOmVzOlGUriIlOaokOvhaStA==

debug@^4.3.4, debug@~4.3.1, debug@~4.3.2:
  version "4.3.4"
  resolved "https://registry.npmjs.org/debug/-/debug-4.3.4.tgz"
  integrity sha512-PRWFHuSU3eDtQJPvnNY7Jcket1j0t5OuOsFzPPzsekD52Zl8qUfFIPEiswXqIvHWGVHOgX+7G/vCNNhehwxfkQ==
  dependencies:
    ms "2.1.2"

debug@~3.1.0:
  version "3.1.0"
  resolved "https://registry.npmjs.org/debug/-/debug-3.1.0.tgz"
  integrity sha512-OX8XqP7/1a9cqkxYw2yXss15f26NKWBpDXQd0/uK/KPqdQhxbPa994hnzjcE2VqQpDslf55723cKPUOGSmMY3g==
  dependencies:
    ms "2.0.0"

debug@~4.1.0:
  version "4.1.1"
  resolved "https://registry.npmjs.org/debug/-/debug-4.1.1.tgz"
  integrity sha512-pYAIzeRo8J6KPEaJ0VWOh5Pzkbw/RetuzehGM7QRRX5he4fPHx2rdKMB256ehJCkX+XRQm16eZLqLNS8RSZXZw==
  dependencies:
    ms "^2.1.1"

engine.io-client@~3.5.0:
  version "3.5.3"
  resolved "https://registry.npmjs.org/engine.io-client/-/engine.io-client-3.5.3.tgz"
  integrity sha512-qsgyc/CEhJ6cgMUwxRRtOndGVhIu5hpL5tR4umSpmX/MvkFoIxUTM7oFMDQumHNzlNLwSVy6qhstFPoWTf7dOw==
  dependencies:
    component-emitter "~1.3.0"
    component-inherit "0.0.3"
    debug "~3.1.0"
    engine.io-parser "~2.2.0"
    has-cors "1.1.0"
    indexof "0.0.1"
    parseqs "0.0.6"
    parseuri "0.0.6"
    ws "~7.4.2"
    xmlhttprequest-ssl "~1.6.2"
    yeast "0.1.2"

engine.io-client@~6.2.3:
  version "6.2.3"
  resolved "https://registry.npmjs.org/engine.io-client/-/engine.io-client-6.2.3.tgz"
  integrity sha512-aXPtgF1JS3RuuKcpSrBtimSjYvrbhKW9froICH4s0F3XQWLxsKNxqzG39nnvQZQnva4CMvUK63T7shevxRyYHw==
  dependencies:
    "@socket.io/component-emitter" "~3.1.0"
    debug "~4.3.1"
    engine.io-parser "~5.0.3"
    ws "~8.2.3"
    xmlhttprequest-ssl "~2.0.0"

engine.io-parser@~2.2.0:
  version "2.2.1"
  resolved "https://registry.npmjs.org/engine.io-parser/-/engine.io-parser-2.2.1.tgz"
  integrity sha512-x+dN/fBH8Ro8TFwJ+rkB2AmuVw9Yu2mockR/p3W8f8YtExwFgDvBDi0GWyb4ZLkpahtDGZgtr3zLovanJghPqg==
  dependencies:
    after "0.8.2"
    arraybuffer.slice "~0.0.7"
    base64-arraybuffer "0.1.4"
    blob "0.0.5"
    has-binary2 "~1.0.2"

engine.io-parser@~5.0.3:
  version "5.0.4"
  resolved "https://registry.npmjs.org/engine.io-parser/-/engine.io-parser-5.0.4.tgz"
  integrity sha512-+nVFp+5z1E3HcToEnO7ZIj3g+3k9389DvWtvJZz0T6/eOCPIyyxehFcedoYrZQrp0LgQbD9pPXhpMBKMd5QURg==

engine.io@~3.6.0:
  version "3.6.0"
  resolved "https://registry.npmjs.org/engine.io/-/engine.io-3.6.0.tgz"
  integrity sha512-Kc8fo5bbg8F4a2f3HPHTEpGyq/IRIQpyeHu3H1ThR14XDD7VrLcsGBo16HUpahgp8YkHJDaU5gNxJZbuGcuueg==
  dependencies:
    accepts "~1.3.4"
    base64id "2.0.0"
    cookie "~0.4.1"
    debug "~4.1.0"
    engine.io-parser "~2.2.0"
    ws "~7.4.2"

events@^1.1.1:
  version "1.1.1"
  resolved "https://registry.npmjs.org/events/-/events-1.1.1.tgz"
  integrity sha512-kEcvvCBByWXGnZy6JUlgAp2gBIUjfCAV6P6TgT1/aaQKcmuAEC4OZTV1I4EWQLz2gxZw76atuVyvHhTxvi0Flw==

extend@^3.0.1:
  version "3.0.2"
  resolved "https://registry.npmjs.org/extend/-/extend-3.0.2.tgz"
  integrity sha512-fjquC59cD7CyW6urNXK0FBufkZcoiGG80wTuPujX590cB5Ttln20E2UB4S/WARVqhXffZl2LNgS+gQdPIIim/g==

has-binary2@~1.0.2:
  version "1.0.3"
  resolved "https://registry.npmjs.org/has-binary2/-/has-binary2-1.0.3.tgz"
  integrity sha512-G1LWKhDSvhGeAQ8mPVQlqNcOB2sJdwATtZKl2pDKKHfpf/rYj24lkinxf69blJbnsvtqqNU+L3SL50vzZhXOnw==
  dependencies:
    isarray "2.0.1"

has-cors@1.1.0:
  version "1.1.0"
  resolved "https://registry.npmjs.org/has-cors/-/has-cors-1.1.0.tgz"
  integrity sha512-g5VNKdkFuUuVCP9gYfDJHjK2nqdQJ7aDLTnycnc2+RvsOQbuLdF5pm7vuE5J76SEBIQjs4kQY/BWq74JUmjbXA==

indexof@0.0.1:
  version "0.0.1"
  resolved "https://registry.npmjs.org/indexof/-/indexof-0.0.1.tgz"
  integrity sha512-i0G7hLJ1z0DE8dsqJa2rycj9dBmNKgXBvotXtZYXakU9oivfB9Uj2ZBC27qqef2U58/ZLwalxa1X/RDCdkHtVg==

isarray@2.0.1:
  version "2.0.1"
  resolved "https://registry.npmjs.org/isarray/-/isarray-2.0.1.tgz"
  integrity sha512-c2cu3UxbI+b6kR3fy0nRnAhodsvR9dx7U5+znCOzdj6IfP3upFURTr0Xl5BlQZNKZjEtxrmVyfSdeE3O57smoQ==

mime-db@1.52.0:
  version "1.52.0"
  resolved "https://registry.npmjs.org/mime-db/-/mime-db-1.52.0.tgz"
  integrity sha512-sPU4uV7dYlvtWJxwwxHD0PuihVNiE7TyAbQ5SWxDCB9mUYvOgroQOwYQQOKPJ8CIbE+1ETVlOoK1UC2nU3gYvg==

mime-types@~2.1.34:
  version "2.1.35"
  resolved "https://registry.npmjs.org/mime-types/-/mime-types-2.1.35.tgz"
  integrity sha512-ZDY+bPm5zTTF+YpCrAU9nK0UgICYPT0QtT1NZWFv4s++TNkcgVaT0g6+4R2uI4MjQjzysHB1zxuWL50hzaeXiw==
  dependencies:
    mime-db "1.52.0"

ms@2.0.0:
  version "2.0.0"
  resolved "https://registry.npmjs.org/ms/-/ms-2.0.0.tgz"
  integrity sha512-Tpp60P6IUJDTuOq/5Z8cdskzJujfwqfOTkrwIwj7IRISpnkJnT6SyJ4PCPnGMoFjC9ddhal5KVIYtAt97ix05A==

ms@2.1.2:
  version "2.1.2"
  resolved "https://registry.npmjs.org/ms/-/ms-2.1.2.tgz"
  integrity sha512-sGkPx+VjMtmA6MX27oA4FBFELFCZZ4S4XqeGOXCv68tT+jb3vk/RyaKWP0PTKyWtmLSM0b+adUTEvbs1PEaH2w==

ms@^2.1.1:
  version "2.1.3"
  resolved "https://registry.npmjs.org/ms/-/ms-2.1.3.tgz"
  integrity sha512-6FlzubTLZG3J2a/NVCAleEhjzq5oxgHyaCU9yYXvcLsvoVaHJq/s5xXI6/XXP6tz7R9xAOtHnSO/tXtF3WRTlA==

negotiator@0.6.3:
  version "0.6.3"
  resolved "https://registry.npmjs.org/negotiator/-/negotiator-0.6.3.tgz"
  integrity sha512-+EUsqGPLsM+j/zdChZjsnX51g4XrHFOIXwfnCVPGlQk/k5giakcKsuxCObBRu6DSm9opw/O6slWbJdghQM4bBg==

parseqs@0.0.6:
  version "0.0.6"
  resolved "https://registry.npmjs.org/parseqs/-/parseqs-0.0.6.tgz"
  integrity sha512-jeAGzMDbfSHHA091hr0r31eYfTig+29g3GKKE/PPbEQ65X0lmMwlEoqmhzu0iztID5uJpZsFlUPDP8ThPL7M8w==

parseuri@0.0.6:
  version "0.0.6"
  resolved "https://registry.npmjs.org/parseuri/-/parseuri-0.0.6.tgz"
  integrity sha512-AUjen8sAkGgao7UyCX6Ahv0gIK2fABKmYjvP4xmy5JaKvcbTRueIqIPHLAfq30xJddqSE033IOMUSOMCcK3Sow==

socket.io-adapter@~1.1.0:
  version "1.1.2"
  resolved "https://registry.npmjs.org/socket.io-adapter/-/socket.io-adapter-1.1.2.tgz"
  integrity sha512-WzZRUj1kUjrTIrUKpZLEzFZ1OLj5FwLlAFQs9kuZJzJi5DKdU7FsWc36SNmA8iDOtwBQyT8FkrriRM8vXLYz8g==

socket.io-client@2.5.0:
  version "2.5.0"
  resolved "https://registry.npmjs.org/socket.io-client/-/socket.io-client-2.5.0.tgz"
  integrity sha512-lOO9clmdgssDykiOmVQQitwBAF3I6mYcQAo7hQ7AM6Ny5X7fp8hIJ3HcQs3Rjz4SoggoxA1OgrQyY8EgTbcPYw==
  dependencies:
    backo2 "1.0.2"
    component-bind "1.0.0"
    component-emitter "~1.3.0"
    debug "~3.1.0"
    engine.io-client "~3.5.0"
    has-binary2 "~1.0.2"
    indexof "0.0.1"
    parseqs "0.0.6"
    parseuri "0.0.6"
    socket.io-parser "~3.3.0"
    to-array "0.1.4"

socket.io-client@^4.5.3:
  version "4.5.3"
  resolved "https://registry.npmjs.org/socket.io-client/-/socket.io-client-4.5.3.tgz"
  integrity sha512-I/hqDYpQ6JKwtJOf5ikM+Qz+YujZPMEl6qBLhxiP0nX+TfXKhW4KZZG8lamrD6Y5ngjmYHreESVasVCgi5Kl3A==
  dependencies:
    "@socket.io/component-emitter" "~3.1.0"
    debug "~4.3.2"
    engine.io-client "~6.2.3"
    socket.io-parser "~4.2.0"

socket.io-parser@~3.3.0:
  version "3.3.2"
  resolved "https://registry.npmjs.org/socket.io-parser/-/socket.io-parser-3.3.2.tgz"
  integrity sha512-FJvDBuOALxdCI9qwRrO/Rfp9yfndRtc1jSgVgV8FDraihmSP/MLGD5PEuJrNfjALvcQ+vMDM/33AWOYP/JSjDg==
  dependencies:
    component-emitter "~1.3.0"
    debug "~3.1.0"
    isarray "2.0.1"

socket.io-parser@~3.4.0:
  version "3.4.1"
  resolved "https://registry.npmjs.org/socket.io-parser/-/socket.io-parser-3.4.1.tgz"
  integrity sha512-11hMgzL+WCLWf1uFtHSNvliI++tcRUWdoeYuwIl+Axvwy9z2gQM+7nJyN3STj1tLj5JyIUH8/gpDGxzAlDdi0A==
  dependencies:
    component-emitter "1.2.1"
    debug "~4.1.0"
    isarray "2.0.1"

socket.io-parser@~4.2.0:
  version "4.2.1"
  resolved "https://registry.npmjs.org/socket.io-parser/-/socket.io-parser-4.2.1.tgz"
  integrity sha512-V4GrkLy+HeF1F/en3SpUaM+7XxYXpuMUWLGde1kSSh5nQMN4hLrbPIkD+otwh6q9R6NOQBN4AMaOZ2zVjui82g==
  dependencies:
    "@socket.io/component-emitter" "~3.1.0"
    debug "~4.3.1"

socket.io-server@^1.0.0-b:
  version "1.0.0-b"
  resolved "https://registry.yarnpkg.com/socket.io-server/-/socket.io-server-1.0.0-b.tgz#12ba7b3b033e880a8a733addcd0b6824abae4567"
  integrity sha512-Zg1YWGShFyUPDxGF6p1tK1Fh3UeonmoGKoqEpAyiMjdlki3fxtSD8pxt7iVp8ByXHi0qHAmDDqTCwNAD4rjbVQ==
  dependencies:
    events "^1.1.1"
    extend "^3.0.1"
    socket.io "^2.0.3"

socket.io@^2.0.3:
  version "2.5.0"
  resolved "https://registry.npmjs.org/socket.io/-/socket.io-2.5.0.tgz"
  integrity sha512-gGunfS0od3VpwDBpGwVkzSZx6Aqo9uOcf1afJj2cKnKFAoyl16fvhpsUhmUFd4Ldbvl5JvRQed6eQw6oQp6n8w==
  dependencies:
    debug "~4.1.0"
    engine.io "~3.6.0"
    has-binary2 "~1.0.2"
    socket.io-adapter "~1.1.0"
    socket.io-client "2.5.0"
    socket.io-parser "~3.4.0"

to-array@0.1.4:
  version "0.1.4"
  resolved "https://registry.npmjs.org/to-array/-/to-array-0.1.4.tgz"
  integrity sha512-LhVdShQD/4Mk4zXNroIQZJC+Ap3zgLcDuwEdcmLv9CCO73NWockQDwyUnW/m8VX/EElfL6FcYx7EeutN4HJA6A==

typescript@^4.8.4:
  version "4.8.4"
  resolved "https://registry.yarnpkg.com/typescript/-/typescript-4.8.4.tgz#c464abca159669597be5f96b8943500b238e60e6"
  integrity sha512-QCh+85mCy+h0IGff8r5XWzOVSbBO+KfeYrMQh7NJ58QujwcE22u+NUSmUxqF+un70P9GXKxa2HCNiTTMJknyjQ==

ws@~7.4.2:
  version "7.4.6"
  resolved "https://registry.npmjs.org/ws/-/ws-7.4.6.tgz"
  integrity sha512-YmhHDO4MzaDLB+M9ym/mDA5z0naX8j7SIlT8f8z+I0VtzsRbekxEutHSme7NPS2qE8StCYQNUnfWdXta/Yu85A==

ws@~8.2.3:
  version "8.2.3"
  resolved "https://registry.npmjs.org/ws/-/ws-8.2.3.tgz"
  integrity sha512-wBuoj1BDpC6ZQ1B7DWQBYVLphPWkm8i9Y0/3YdHjHKHiohOJ1ws+3OccDWtH+PoC9DZD5WOTrJvNbWvjS6JWaA==

xmlhttprequest-ssl@~1.6.2:
  version "1.6.3"
  resolved "https://registry.npmjs.org/xmlhttprequest-ssl/-/xmlhttprequest-ssl-1.6.3.tgz"
  integrity sha512-3XfeQE/wNkvrIktn2Kf0869fC0BN6UpydVasGIeSm2B1Llihf7/0UfZM+eCkOw3P7bP4+qPgqhm7ZoxuJtFU0Q==

xmlhttprequest-ssl@~2.0.0:
  version "2.0.0"
  resolved "https://registry.npmjs.org/xmlhttprequest-ssl/-/xmlhttprequest-ssl-2.0.0.tgz"
  integrity sha512-QKxVRxiRACQcVuQEYFsI1hhkrMlrXHPegbbd1yn9UHOmRxY+si12nQYzri3vbzt8VdTTRviqcKxcyllFas5z2A==

yeast@0.1.2:
  version "0.1.2"
  resolved "https://registry.npmjs.org/yeast/-/yeast-0.1.2.tgz"
  integrity sha512-8HFIh676uyGYP6wP13R/j6OJ/1HwJ46snpvzE7aHAN3Ryqh2yX6Xox2B4CUmTwwOIzlG3Bs7ocsP5dZH/R1Qbg==
